// !$*UTF8*$!
{
	archiveVersion = 1;
	classes = {
	};
	objectVersion = 46;
	objects = {

/* Begin PBXBuildFile section */
		193386861E05F0F90016DE94 /* AppDelegate.swift in Sources */ = {isa = PBXBuildFile; fileRef = 193386851E05F0F90016DE94 /* AppDelegate.swift */; };
		193386881E05F0F90016DE94 /* ViewController.swift in Sources */ = {isa = PBXBuildFile; fileRef = 193386871E05F0F90016DE94 /* ViewController.swift */; };
		1933868B1E05F0F90016DE94 /* Main.storyboard in Resources */ = {isa = PBXBuildFile; fileRef = 193386891E05F0F90016DE94 /* Main.storyboard */; };
		1933868D1E05F0FA0016DE94 /* Assets.xcassets in Resources */ = {isa = PBXBuildFile; fileRef = 1933868C1E05F0FA0016DE94 /* Assets.xcassets */; };
		193386901E05F0FA0016DE94 /* LaunchScreen.storyboard in Resources */ = {isa = PBXBuildFile; fileRef = 1933868E1E05F0FA0016DE94 /* LaunchScreen.storyboard */; };
		193386981E05F3DD0016DE94 /* .gitignore in Resources */ = {isa = PBXBuildFile; fileRef = 193386971E05F3DD0016DE94 /* .gitignore */; };
		1933869A1E05F45E0016DE94 /* ApiKeys.plist in Resources */ = {isa = PBXBuildFile; fileRef = 193386991E05F45E0016DE94 /* ApiKeys.plist */; };
		1933869C1E05F6F60016DE94 /* Click2.mp3 in Resources */ = {isa = PBXBuildFile; fileRef = 1933869B1E05F6F60016DE94 /* Click2.mp3 */; };
		1933869E1E05F7550016DE94 /* christmasTreeGIF.gif in Resources */ = {isa = PBXBuildFile; fileRef = 1933869D1E05F7550016DE94 /* christmasTreeGIF.gif */; };
		DEBEF568602602D720AABF6E /* Pods_Xmas_Tree.framework in Frameworks */ = {isa = PBXBuildFile; fileRef = 5783B69CFF098CFB11E6E09B /* Pods_Xmas_Tree.framework */; };
/* End PBXBuildFile section */

/* Begin PBXFileReference section */
		193386821E05F0F90016DE94 /* Xmas Tree.app */ = {isa = PBXFileReference; explicitFileType = wrapper.application; includeInIndex = 0; path = "Xmas Tree.app"; sourceTree = BUILT_PRODUCTS_DIR; };
		193386851E05F0F90016DE94 /* AppDelegate.swift */ = {isa = PBXFileReference; lastKnownFileType = sourcecode.swift; path = AppDelegate.swift; sourceTree = "<group>"; };
		193386871E05F0F90016DE94 /* ViewController.swift */ = {isa = PBXFileReference; lastKnownFileType = sourcecode.swift; path = ViewController.swift; sourceTree = "<group>"; };
		1933868A1E05F0F90016DE94 /* Base */ = {isa = PBXFileReference; lastKnownFileType = file.storyboard; name = Base; path = Base.lproj/Main.storyboard; sourceTree = "<group>"; };
		1933868C1E05F0FA0016DE94 /* Assets.xcassets */ = {isa = PBXFileReference; lastKnownFileType = folder.assetcatalog; path = Assets.xcassets; sourceTree = "<group>"; };
		1933868F1E05F0FA0016DE94 /* Base */ = {isa = PBXFileReference; lastKnownFileType = file.storyboard; name = Base; path = Base.lproj/LaunchScreen.storyboard; sourceTree = "<group>"; };
		193386911E05F0FA0016DE94 /* Info.plist */ = {isa = PBXFileReference; lastKnownFileType = text.plist.xml; path = Info.plist; sourceTree = "<group>"; };
		193386971E05F3DD0016DE94 /* .gitignore */ = {isa = PBXFileReference; fileEncoding = 4; lastKnownFileType = text; path = .gitignore; sourceTree = "<group>"; };
		193386991E05F45E0016DE94 /* ApiKeys.plist */ = {isa = PBXFileReference; fileEncoding = 4; lastKnownFileType = text.plist.xml; path = ApiKeys.plist; sourceTree = "<group>"; };
		1933869B1E05F6F60016DE94 /* Click2.mp3 */ = {isa = PBXFileReference; lastKnownFileType = audio.mp3; path = Click2.mp3; sourceTree = "<group>"; };
		1933869D1E05F7550016DE94 /* christmasTreeGIF.gif */ = {isa = PBXFileReference; lastKnownFileType = image.gif; path = christmasTreeGIF.gif; sourceTree = "<group>"; };
		3D3B147C752677722CD22AC0 /* Pods-Xmas Tree.release.xcconfig */ = {isa = PBXFileReference; includeInIndex = 1; lastKnownFileType = text.xcconfig; name = "Pods-Xmas Tree.release.xcconfig"; path = "Pods/Target Support Files/Pods-Xmas Tree/Pods-Xmas Tree.release.xcconfig"; sourceTree = "<group>"; };
		5783B69CFF098CFB11E6E09B /* Pods_Xmas_Tree.framework */ = {isa = PBXFileReference; explicitFileType = wrapper.framework; includeInIndex = 0; path = Pods_Xmas_Tree.framework; sourceTree = BUILT_PRODUCTS_DIR; };
		5F4C5FD7A269D21DB56EDD36 /* Pods-Xmas Tree.debug.xcconfig */ = {isa = PBXFileReference; includeInIndex = 1; lastKnownFileType = text.xcconfig; name = "Pods-Xmas Tree.debug.xcconfig"; path = "Pods/Target Support Files/Pods-Xmas Tree/Pods-Xmas Tree.debug.xcconfig"; sourceTree = "<group>"; };
/* End PBXFileReference section */

/* Begin PBXFrameworksBuildPhase section */
		1933867F1E05F0F90016DE94 /* Frameworks */ = {
			isa = PBXFrameworksBuildPhase;
			buildActionMask = 2147483647;
			files = (
				DEBEF568602602D720AABF6E /* Pods_Xmas_Tree.framework in Frameworks */,
			);
			runOnlyForDeploymentPostprocessing = 0;
		};
/* End PBXFrameworksBuildPhase section */

/* Begin PBXGroup section */
		0A611CD6EEC5F9B26B4AEE54 /* Pods */ = {
			isa = PBXGroup;
			children = (
				5F4C5FD7A269D21DB56EDD36 /* Pods-Xmas Tree.debug.xcconfig */,
				3D3B147C752677722CD22AC0 /* Pods-Xmas Tree.release.xcconfig */,
			);
			name = Pods;
			sourceTree = "<group>";
		};
		193386791E05F0F90016DE94 = {
			isa = PBXGroup;
			children = (
				193386971E05F3DD0016DE94 /* .gitignore */,
				193386841E05F0F90016DE94 /* Xmas Tree */,
				193386831E05F0F90016DE94 /* Products */,
				0A611CD6EEC5F9B26B4AEE54 /* Pods */,
				7AE3D61B0A782AAEE28C3F34 /* Frameworks */,
			);
			sourceTree = "<group>";
		};
		193386831E05F0F90016DE94 /* Products */ = {
			isa = PBXGroup;
			children = (
				193386821E05F0F90016DE94 /* Xmas Tree.app */,
			);
			name = Products;
			sourceTree = "<group>";
		};
		193386841E05F0F90016DE94 /* Xmas Tree */ = {
			isa = PBXGroup;
			children = (
				193386851E05F0F90016DE94 /* AppDelegate.swift */,
				193386871E05F0F90016DE94 /* ViewController.swift */,
				193386891E05F0F90016DE94 /* Main.storyboard */,
				1933868C1E05F0FA0016DE94 /* Assets.xcassets */,
				1933868E1E05F0FA0016DE94 /* LaunchScreen.storyboard */,
				193386911E05F0FA0016DE94 /* Info.plist */,
				1933869D1E05F7550016DE94 /* christmasTreeGIF.gif */,
				1933869B1E05F6F60016DE94 /* Click2.mp3 */,
				193386991E05F45E0016DE94 /* ApiKeys.plist */,
			);
			path = "Xmas Tree";
			sourceTree = "<group>";
		};
		7AE3D61B0A782AAEE28C3F34 /* Frameworks */ = {
			isa = PBXGroup;
			children = (
				5783B69CFF098CFB11E6E09B /* Pods_Xmas_Tree.framework */,
			);
			name = Frameworks;
			sourceTree = "<group>";
		};
/* End PBXGroup section */

/* Begin PBXNativeTarget section */
		193386811E05F0F90016DE94 /* Xmas Tree */ = {
			isa = PBXNativeTarget;
			buildConfigurationList = 193386941E05F0FA0016DE94 /* Build configuration list for PBXNativeTarget "Xmas Tree" */;
			buildPhases = (
				3AB294075F7741A2FC926259 /* [CP] Check Pods Manifest.lock */,
				1933867E1E05F0F90016DE94 /* Sources */,
				1933867F1E05F0F90016DE94 /* Frameworks */,
				193386801E05F0F90016DE94 /* Resources */,
				4981545728D021F6FB0D3BF9 /* [CP] Embed Pods Frameworks */,
				48B8B3463FF2D69B5CB3D2DC /* [CP] Copy Pods Resources */,
			);
			buildRules = (
			);
			dependencies = (
			);
			name = "Xmas Tree";
			productName = "Xmas Tree";
			productReference = 193386821E05F0F90016DE94 /* Xmas Tree.app */;
			productType = "com.apple.product-type.application";
		};
/* End PBXNativeTarget section */

/* Begin PBXProject section */
		1933867A1E05F0F90016DE94 /* Project object */ = {
			isa = PBXProject;
			attributes = {
				LastSwiftUpdateCheck = 0810;
				LastUpgradeCheck = 0810;
				ORGANIZATIONNAME = appologi;
				TargetAttributes = {
					193386811E05F0F90016DE94 = {
						CreatedOnToolsVersion = 8.1;
						DevelopmentTeam = G5YLS6S3L6;
						ProvisioningStyle = Automatic;
					};
				};
			};
			buildConfigurationList = 1933867D1E05F0F90016DE94 /* Build configuration list for PBXProject "Xmas Tree" */;
			compatibilityVersion = "Xcode 3.2";
			developmentRegion = English;
			hasScannedForEncodings = 0;
			knownRegions = (
				en,
				Base,
			);
			mainGroup = 193386791E05F0F90016DE94;
			productRefGroup = 193386831E05F0F90016DE94 /* Products */;
			projectDirPath = "";
			projectRoot = "";
			targets = (
				193386811E05F0F90016DE94 /* Xmas Tree */,
			);
		};
/* End PBXProject section */

/* Begin PBXResourcesBuildPhase section */
		193386801E05F0F90016DE94 /* Resources */ = {
			isa = PBXResourcesBuildPhase;
			buildActionMask = 2147483647;
			files = (
				193386981E05F3DD0016DE94 /* .gitignore in Resources */,
				193386901E05F0FA0016DE94 /* LaunchScreen.storyboard in Resources */,
				1933869E1E05F7550016DE94 /* christmasTreeGIF.gif in Resources */,
				1933869C1E05F6F60016DE94 /* Click2.mp3 in Resources */,
				1933868D1E05F0FA0016DE94 /* Assets.xcassets in Resources */,
				1933868B1E05F0F90016DE94 /* Main.storyboard in Resources */,
				1933869A1E05F45E0016DE94 /* ApiKeys.plist in Resources */,
			);
			runOnlyForDeploymentPostprocessing = 0;
		};
/* End PBXResourcesBuildPhase section */

/* Begin PBXShellScriptBuildPhase section */
		3AB294075F7741A2FC926259 /* [CP] Check Pods Manifest.lock */ = {
			isa = PBXShellScriptBuildPhase;
			buildActionMask = 2147483647;
			files = (
			);
			inputPaths = (
			);
			name = "[CP] Check Pods Manifest.lock";
			outputPaths = (
			);
			runOnlyForDeploymentPostprocessing = 0;
			shellPath = /bin/sh;
			shellScript = "diff \"${PODS_ROOT}/../Podfile.lock\" \"${PODS_ROOT}/Manifest.lock\" > /dev/null\nif [ $? != 0 ] ; then\n    # print error to STDERR\n    echo \"error: The sandbox is not in sync with the Podfile.lock. Run 'pod install' or update your CocoaPods installation.\" >&2\n    exit 1\nfi\n";
			showEnvVarsInLog = 0;
		};
		48B8B3463FF2D69B5CB3D2DC /* [CP] Copy Pods Resources */ = {
			isa = PBXShellScriptBuildPhase;
			buildActionMask = 2147483647;
			files = (
			);
			inputPaths = (
			);
			name = "[CP] Copy Pods Resources";
			outputPaths = (
			);
			runOnlyForDeploymentPostprocessing = 0;
			shellPath = /bin/sh;
			shellScript = "\"${SRCROOT}/Pods/Target Support Files/Pods-Xmas Tree/Pods-Xmas Tree-resources.sh\"\n";
			showEnvVarsInLog = 0;
		};
		4981545728D021F6FB0D3BF9 /* [CP] Embed Pods Frameworks */ = {
			isa = PBXShellScriptBuildPhase;
			buildActionMask = 2147483647;
			files = (
			);
			inputPaths = (
			);
			name = "[CP] Embed Pods Frameworks";
			outputPaths = (
			);
			runOnlyForDeploymentPostprocessing = 0;
			shellPath = /bin/sh;
			shellScript = "\"${SRCROOT}/Pods/Target Support Files/Pods-Xmas Tree/Pods-Xmas Tree-frameworks.sh\"\n";
			showEnvVarsInLog = 0;
		};
/* End PBXShellScriptBuildPhase section */

/* Begin PBXSourcesBuildPhase section */
		1933867E1E05F0F90016DE94 /* Sources */ = {
			isa = PBXSourcesBuildPhase;
			buildActionMask = 2147483647;
			files = (
				193386881E05F0F90016DE94 /* ViewController.swift in Sources */,
				193386861E05F0F90016DE94 /* AppDelegate.swift in Sources */,
			);
			runOnlyForDeploymentPostprocessing = 0;
		};
/* End PBXSourcesBuildPhase section */

/* Begin PBXVariantGroup section */
		193386891E05F0F90016DE94 /* Main.storyboard */ = {
			isa = PBXVariantGroup;
			children = (
				1933868A1E05F0F90016DE94 /* Base */,
			);
			name = Main.storyboard;
			sourceTree = "<group>";
		};
		1933868E1E05F0FA0016DE94 /* LaunchScreen.storyboard */ = {
			isa = PBXVariantGroup;
			children = (
				1933868F1E05F0FA0016DE94 /* Base */,
			);
			name = LaunchScreen.storyboard;
			sourceTree = "<group>";
		};
/* End PBXVariantGroup section */

/* Begin XCBuildConfiguration section */
		193386921E05F0FA0016DE94 /* Debug */ = {
			isa = XCBuildConfiguration;
			buildSettings = {
				ALWAYS_SEARCH_USER_PATHS = NO;
				CLANG_ANALYZER_NONNULL = YES;
				CLANG_CXX_LANGUAGE_STANDARD = "gnu++0x";
				CLANG_CXX_LIBRARY = "libc++";
				CLANG_ENABLE_MODULES = YES;
				CLANG_ENABLE_OBJC_ARC = YES;
				CLANG_WARN_BOOL_CONVERSION = YES;
				CLANG_WARN_CONSTANT_CONVERSION = YES;
				CLANG_WARN_DIRECT_OBJC_ISA_USAGE = YES_ERROR;
				CLANG_WARN_DOCUMENTATION_COMMENTS = YES;
				CLANG_WARN_EMPTY_BODY = YES;
				CLANG_WARN_ENUM_CONVERSION = YES;
				CLANG_WARN_INFINITE_RECURSION = YES;
				CLANG_WARN_INT_CONVERSION = YES;
				CLANG_WARN_OBJC_ROOT_CLASS = YES_ERROR;
				CLANG_WARN_SUSPICIOUS_MOVES = YES;
				CLANG_WARN_UNREACHABLE_CODE = YES;
				CLANG_WARN__DUPLICATE_METHOD_MATCH = YES;
				"CODE_SIGN_IDENTITY[sdk=iphoneos*]" = "iPhone Developer";
				COPY_PHASE_STRIP = NO;
				DEBUG_INFORMATION_FORMAT = dwarf;
				ENABLE_STRICT_OBJC_MSGSEND = YES;
				ENABLE_TESTABILITY = YES;
				GCC_C_LANGUAGE_STANDARD = gnu99;
				GCC_DYNAMIC_NO_PIC = NO;
				GCC_NO_COMMON_BLOCKS = YES;
				GCC_OPTIMIZATION_LEVEL = 0;
				GCC_PREPROCESSOR_DEFINITIONS = (
					"DEBUG=1",
					"$(inherited)",
				);
				GCC_WARN_64_TO_32_BIT_CONVERSION = YES;
				GCC_WARN_ABOUT_RETURN_TYPE = YES_ERROR;
				GCC_WARN_UNDECLARED_SELECTOR = YES;
				GCC_WARN_UNINITIALIZED_AUTOS = YES_AGGRESSIVE;
				GCC_WARN_UNUSED_FUNCTION = YES;
				GCC_WARN_UNUSED_VARIABLE = YES;
				IPHONEOS_DEPLOYMENT_TARGET = 10.1;
				MTL_ENABLE_DEBUG_INFO = YES;
				ONLY_ACTIVE_ARCH = YES;
				SDKROOT = iphoneos;
				SWIFT_ACTIVE_COMPILATION_CONDITIONS = DEBUG;
				SWIFT_OPTIMIZATION_LEVEL = "-Onone";
			};
			name = Debug;
		};
		193386931E05F0FA0016DE94 /* Release */ = {
			isa = XCBuildConfiguration;
			buildSettings = {
				ALWAYS_SEARCH_USER_PATHS = NO;
				CLANG_ANALYZER_NONNULL = YES;
				CLANG_CXX_LANGUAGE_STANDARD = "gnu++0x";
				CLANG_CXX_LIBRARY = "libc++";
				CLANG_ENABLE_MODULES = YES;
				CLANG_ENABLE_OBJC_ARC = YES;
				CLANG_WARN_BOOL_CONVERSION = YES;
				CLANG_WARN_CONSTANT_CONVERSION = YES;
				CLANG_WARN_DIRECT_OBJC_ISA_USAGE = YES_ERROR;
				CLANG_WARN_DOCUMENTATION_COMMENTS = YES;
				CLANG_WARN_EMPTY_BODY = YES;
				CLANG_WARN_ENUM_CONVERSION = YES;
				CLANG_WARN_INFINITE_RECURSION = YES;
				CLANG_WARN_INT_CONVERSION = YES;
				CLANG_WARN_OBJC_ROOT_CLASS = YES_ERROR;
				CLANG_WARN_SUSPICIOUS_MOVES = YES;
				CLANG_WARN_UNREACHABLE_CODE = YES;
				CLANG_WARN__DUPLICATE_METHOD_MATCH = YES;
				"CODE_SIGN_IDENTITY[sdk=iphoneos*]" = "iPhone Developer";
				COPY_PHASE_STRIP = NO;
				DEBUG_INFORMATION_FORMAT = "dwarf-with-dsym";
				ENABLE_NS_ASSERTIONS = NO;
				ENABLE_STRICT_OBJC_MSGSEND = YES;
				GCC_C_LANGUAGE_STANDARD = gnu99;
				GCC_NO_COMMON_BLOCKS = YES;
				GCC_WARN_64_TO_32_BIT_CONVERSION = YES;
				GCC_WARN_ABOUT_RETURN_TYPE = YES_ERROR;
				GCC_WARN_UNDECLARED_SELECTOR = YES;
				GCC_WARN_UNINITIALIZED_AUTOS = YES_AGGRESSIVE;
				GCC_WARN_UNUSED_FUNCTION = YES;
				GCC_WARN_UNUSED_VARIABLE = YES;
				IPHONEOS_DEPLOYMENT_TARGET = 10.1;
				MTL_ENABLE_DEBUG_INFO = NO;
				SDKROOT = iphoneos;
				SWIFT_OPTIMIZATION_LEVEL = "-Owholemodule";
				VALIDATE_PRODUCT = YES;
			};
			name = Release;
		};
		193386951E05F0FA0016DE94 /* Debug */ = {
			isa = XCBuildConfiguration;
			baseConfigurationReference = 5F4C5FD7A269D21DB56EDD36 /* Pods-Xmas Tree.debug.xcconfig */;
			buildSettings = {
				ASSETCATALOG_COMPILER_APPICON_NAME = AppIcon;
				DEVELOPMENT_TEAM = G5YLS6S3L6;
				INFOPLIST_FILE = "Xmas Tree/Info.plist";
				IPHONEOS_DEPLOYMENT_TARGET = 9.0;
				LD_RUNPATH_SEARCH_PATHS = "$(inherited) @executable_path/Frameworks";
				PRODUCT_BUNDLE_IDENTIFIER = "co.appologi.Xmas-Tree";
				PRODUCT_NAME = "$(TARGET_NAME)";
				SWIFT_VERSION = 3.0;
			};
			name = Debug;
		};
		193386961E05F0FA0016DE94 /* Release */ = {
			isa = XCBuildConfiguration;
			baseConfigurationReference = 3D3B147C752677722CD22AC0 /* Pods-Xmas Tree.release.xcconfig */;
			buildSettings = {
				ASSETCATALOG_COMPILER_APPICON_NAME = AppIcon;
				DEVELOPMENT_TEAM = G5YLS6S3L6;
				INFOPLIST_FILE = "Xmas Tree/Info.plist";
				IPHONEOS_DEPLOYMENT_TARGET = 9.0;
				LD_RUNPATH_SEARCH_PATHS = "$(inherited) @executable_path/Frameworks";
				PRODUCT_BUNDLE_IDENTIFIER = "co.appologi.Xmas-Tree";
				PRODUCT_NAME = "$(TARGET_NAME)";
				SWIFT_VERSION = 3.0;
			};
			name = Release;
		};
/* End XCBuildConfiguration section */

/* Begin XCConfigurationList section */
		1933867D1E05F0F90016DE94 /* Build configuration list for PBXProject "Xmas Tree" */ = {
			isa = XCConfigurationList;
			buildConfigurations = (
				193386921E05F0FA0016DE94 /* Debug */,
				193386931E05F0FA0016DE94 /* Release */,
			);
			defaultConfigurationIsVisible = 0;
			defaultConfigurationName = Release;
		};
		193386941E05F0FA0016DE94 /* Build configuration list for PBXNativeTarget "Xmas Tree" */ = {
			isa = XCConfigurationList;
			buildConfigurations = (
				193386951E05F0FA0016DE94 /* Debug */,
				193386961E05F0FA0016DE94 /* Release */,
			);
			defaultConfigurationIsVisible = 0;
			defaultConfigurationName = Release;
		};
/* End XCConfigurationList section */
	};
	rootObject = 1933867A1E05F0F90016DE94 /* Project object */;
}
